
Microsoft Visual Studio Solution File, Format Version 12.00
# Visual Studio Version 16
VisualStudioVersion = 16.0.31005.135
MinimumVisualStudioVersion = 10.0.40219.1
Project("{FAE04EC0-301F-11D3-BF4B-00C04F79EFBC}") = "GetARec", "GetARec\GetARec.csproj", "{76E03E30-2B55-434E-A2AC-B0F2497B6FDA}"
EndProject
Global
	GlobalSection(SolutionConfigurationPlatforms) = preSolution
		Debug|Any CPU = Debug|Any CPU
		Release|Any CPU = Release|Any CPU
	EndGlobalSection
	GlobalSection(ProjectConfigurationPlatforms) = postSolution
		{76E03E30-2B55-434E-A2AC-B0F2497B6FDA}.Debug|Any CPU.ActiveCfg = Debug|Any CPU
		{76E03E30-2B55-434E-A2AC-B0F2497B6FDA}.Debug|Any CPU.Build.0 = Debug|Any CPU
		{76E03E30-2B55-434E-A2AC-B0F2497B6FDA}.Release|Any CPU.ActiveCfg = Release|Any CPU
		{76E03E30-2B55-434E-A2AC-B0F2497B6FDA}.Release|Any CPU.Build.0 = Release|Any CPU
	EndGlobalSection
	GlobalSection(SolutionProperties) = preSolution
		HideSolutionNode = FALSE
	EndGlobalSection
	GlobalSection(ExtensibilityGlobals) = postSolution
		SolutionGuid = {40F03C8D-C86A-4890-A7DB-E08197DD42FE}
	EndGlobalSection
EndGlobal
